
Microsoft Visual Studio Solution File, Format Version 12.00
# Visual Studio Version 16
VisualStudioVersion = 16.0.29424.173
MinimumVisualStudioVersion = 10.0.40219.1
Project("{FAE04EC0-301F-11D3-BF4B-00C04F79EFBC}") = "Фбрк", "Фбрк\Фбрк.csproj", "{3F1241A6-728F-45F8-A5AA-68AA7B0AAC9E}"
EndProject
Global
	GlobalSection(SolutionConfigurationPlatforms) = preSolution
		Debug|Any CPU = Debug|Any CPU
		Release|Any CPU = Release|Any CPU
	EndGlobalSection
	GlobalSection(ProjectConfigurationPlatforms) = postSolution
		{3F1241A6-728F-45F8-A5AA-68AA7B0AAC9E}.Debug|Any CPU.ActiveCfg = Debug|Any CPU
		{3F1241A6-728F-45F8-A5AA-68AA7B0AAC9E}.Debug|Any CPU.Build.0 = Debug|Any CPU
		{3F1241A6-728F-45F8-A5AA-68AA7B0AAC9E}.Release|Any CPU.ActiveCfg = Release|Any CPU
		{3F1241A6-728F-45F8-A5AA-68AA7B0AAC9E}.Release|Any CPU.Build.0 = Release|Any CPU
	EndGlobalSection
	GlobalSection(SolutionProperties) = preSolution
		HideSolutionNode = FALSE
	EndGlobalSection
	GlobalSection(ExtensibilityGlobals) = postSolution
		SolutionGuid = {8D40B44E-93C1-49EA-A129-631E4BF6B110}
	EndGlobalSection
EndGlobal
